Microsoft Visual Studio Solution File, Format Version 11.00
# Visual Studio 2008

Project("{D6D947F0-75B5-ABEB-CC2F-79E223C65108}") = "independent-game-cwhitte1", "Assembly-CSharp.csproj", "{327CB637-7C4D-2B05-CBC1-F3B05EF86437}"
EndProject
Global
	GlobalSection(SolutionConfigurationPlatforms) = preSolution
		Debug|Any CPU = Debug|Any CPU
		Release|Any CPU = Release|Any CPU
	EndGlobalSection
	GlobalSection(ProjectConfigurationPlatforms) = postSolution
		{327CB637-7C4D-2B05-CBC1-F3B05EF86437}.Debug|Any CPU.ActiveCfg = Debug|Any CPU
		{327CB637-7C4D-2B05-CBC1-F3B05EF86437}.Debug|Any CPU.Build.0 = Debug|Any CPU
		{327CB637-7C4D-2B05-CBC1-F3B05EF86437}.Release|Any CPU.ActiveCfg = Release|Any CPU
		{327CB637-7C4D-2B05-CBC1-F3B05EF86437}.Release|Any CPU.Build.0 = Release|Any CPU
	EndGlobalSection
	GlobalSection(SolutionProperties) = preSolution
		HideSolutionNode = FALSE
	EndGlobalSection
	GlobalSection(MonoDevelopProperties) = preSolution
		StartupItem = Assembly-CSharp.csproj
	EndGlobalSection
EndGlobal
